
Microsoft Visual Studio Solution File, Format Version 12.00
# Visual Studio Version 16
VisualStudioVersion = 16.0.29926.136
MinimumVisualStudioVersion = 10.0.40219.1
Project("{FAE04EC0-301F-11D3-BF4B-00C04F79EFBC}") = "MovieCatalog", "MovieCatalog\MovieCatalog.csproj", "{4374BA4B-E83F-44A2-8361-94B1B6DFEF27}"
EndProject
Project("{FAE04EC0-301F-11D3-BF4B-00C04F79EFBC}") = "MovieCatalog.Data", "MovieCatalog.Data\MovieCatalog.Data.csproj", "{BCC692FD-3883-4BDA-863D-67AD902F095B}"
EndProject
Project("{FAE04EC0-301F-11D3-BF4B-00C04F79EFBC}") = "MovieCatalog.Models", "MovieCatalog.Models\MovieCatalog.Models.csproj", "{4A8A5FFA-7E79-4CE9-AA4E-EBEC8F91330A}"
EndProject
Global
	GlobalSection(SolutionConfigurationPlatforms) = preSolution
		Debug|Any CPU = Debug|Any CPU
		Release|Any CPU = Release|Any CPU
	EndGlobalSection
	GlobalSection(ProjectConfigurationPlatforms) = postSolution
		{4374BA4B-E83F-44A2-8361-94B1B6DFEF27}.Debug|Any CPU.ActiveCfg = Debug|Any CPU
		{4374BA4B-E83F-44A2-8361-94B1B6DFEF27}.Debug|Any CPU.Build.0 = Debug|Any CPU
		{4374BA4B-E83F-44A2-8361-94B1B6DFEF27}.Release|Any CPU.ActiveCfg = Release|Any CPU
		{4374BA4B-E83F-44A2-8361-94B1B6DFEF27}.Release|Any CPU.Build.0 = Release|Any CPU
		{BCC692FD-3883-4BDA-863D-67AD902F095B}.Debug|Any CPU.ActiveCfg = Debug|Any CPU
		{BCC692FD-3883-4BDA-863D-67AD902F095B}.Debug|Any CPU.Build.0 = Debug|Any CPU
		{BCC692FD-3883-4BDA-863D-67AD902F095B}.Release|Any CPU.ActiveCfg = Release|Any CPU
		{BCC692FD-3883-4BDA-863D-67AD902F095B}.Release|Any CPU.Build.0 = Release|Any CPU
		{4A8A5FFA-7E79-4CE9-AA4E-EBEC8F91330A}.Debug|Any CPU.ActiveCfg = Debug|Any CPU
		{4A8A5FFA-7E79-4CE9-AA4E-EBEC8F91330A}.Debug|Any CPU.Build.0 = Debug|Any CPU
		{4A8A5FFA-7E79-4CE9-AA4E-EBEC8F91330A}.Release|Any CPU.ActiveCfg = Release|Any CPU
		{4A8A5FFA-7E79-4CE9-AA4E-EBEC8F91330A}.Release|Any CPU.Build.0 = Release|Any CPU
	EndGlobalSection
	GlobalSection(SolutionProperties) = preSolution
		HideSolutionNode = FALSE
	EndGlobalSection
	GlobalSection(ExtensibilityGlobals) = postSolution
		SolutionGuid = {09A786EB-31DB-490F-AD74-01190A4B0E11}
	EndGlobalSection
EndGlobal
