
Microsoft Visual Studio Solution File, Format Version 12.00
# Visual Studio Version 16
VisualStudioVersion = 16.0.29926.136
MinimumVisualStudioVersion = 10.0.40219.1
Project("{FAE04EC0-301F-11D3-BF4B-00C04F79EFBC}") = "SG.Calculator.BLL", "SG.Calculator.BLL.csproj", "{83521288-9220-4951-9C70-D2F3B58DCEB7}"
EndProject
Project("{FAE04EC0-301F-11D3-BF4B-00C04F79EFBC}") = "SG.Calculator.Tests", "..\SG.Calculator.Tests\SG.Calculator.Tests.csproj", "{B91EA013-03C8-4F5A-9955-D6D629AAB1D4}"
EndProject
Global
	GlobalSection(SolutionConfigurationPlatforms) = preSolution
		Debug|Any CPU = Debug|Any CPU
		Release|Any CPU = Release|Any CPU
	EndGlobalSection
	GlobalSection(ProjectConfigurationPlatforms) = postSolution
		{83521288-9220-4951-9C70-D2F3B58DCEB7}.Debug|Any CPU.ActiveCfg = Debug|Any CPU
		{83521288-9220-4951-9C70-D2F3B58DCEB7}.Debug|Any CPU.Build.0 = Debug|Any CPU
		{83521288-9220-4951-9C70-D2F3B58DCEB7}.Release|Any CPU.ActiveCfg = Release|Any CPU
		{83521288-9220-4951-9C70-D2F3B58DCEB7}.Release|Any CPU.Build.0 = Release|Any CPU
		{B91EA013-03C8-4F5A-9955-D6D629AAB1D4}.Debug|Any CPU.ActiveCfg = Debug|Any CPU
		{B91EA013-03C8-4F5A-9955-D6D629AAB1D4}.Debug|Any CPU.Build.0 = Debug|Any CPU
		{B91EA013-03C8-4F5A-9955-D6D629AAB1D4}.Release|Any CPU.ActiveCfg = Release|Any CPU
		{B91EA013-03C8-4F5A-9955-D6D629AAB1D4}.Release|Any CPU.Build.0 = Release|Any CPU
	EndGlobalSection
	GlobalSection(SolutionProperties) = preSolution
		HideSolutionNode = FALSE
	EndGlobalSection
	GlobalSection(ExtensibilityGlobals) = postSolution
		SolutionGuid = {02B5BB35-701C-4873-8C72-8D61149BDA43}
	EndGlobalSection
EndGlobal
