
Microsoft Visual Studio Solution File, Format Version 12.00
# Visual Studio Version 16
VisualStudioVersion = 16.0.29926.136
MinimumVisualStudioVersion = 10.0.40219.1
Project("{FAE04EC0-301F-11D3-BF4B-00C04F79EFBC}") = "ARainbow", "ARainbow.csproj", "{47B78094-14D7-475A-844A-B04D18F380CE}"
EndProject
Global
	GlobalSection(SolutionConfigurationPlatforms) = preSolution
		Debug|Any CPU = Debug|Any CPU
		Release|Any CPU = Release|Any CPU
	EndGlobalSection
	GlobalSection(ProjectConfigurationPlatforms) = postSolution
		{47B78094-14D7-475A-844A-B04D18F380CE}.Debug|Any CPU.ActiveCfg = Debug|Any CPU
		{47B78094-14D7-475A-844A-B04D18F380CE}.Debug|Any CPU.Build.0 = Debug|Any CPU
		{47B78094-14D7-475A-844A-B04D18F380CE}.Release|Any CPU.ActiveCfg = Release|Any CPU
		{47B78094-14D7-475A-844A-B04D18F380CE}.Release|Any CPU.Build.0 = Release|Any CPU
	EndGlobalSection
	GlobalSection(SolutionProperties) = preSolution
		HideSolutionNode = FALSE
	EndGlobalSection
	GlobalSection(ExtensibilityGlobals) = postSolution
		SolutionGuid = {FFDE48D6-9498-4E5E-AF2C-09F7E52C44A1}
	EndGlobalSection
EndGlobal
