
Microsoft Visual Studio Solution File, Format Version 12.00
# Visual Studio Version 16
VisualStudioVersion = 16.0.29926.136
MinimumVisualStudioVersion = 10.0.40219.1
Project("{FAE04EC0-301F-11D3-BF4B-00C04F79EFBC}") = "CheckBoxHeaven", "CheckBoxHeaven\CheckBoxHeaven.csproj", "{D58CE11F-267E-4BFC-AD92-E4CE2468BB2E}"
EndProject
Global
	GlobalSection(SolutionConfigurationPlatforms) = preSolution
		Debug|Any CPU = Debug|Any CPU
		Release|Any CPU = Release|Any CPU
	EndGlobalSection
	GlobalSection(ProjectConfigurationPlatforms) = postSolution
		{D58CE11F-267E-4BFC-AD92-E4CE2468BB2E}.Debug|Any CPU.ActiveCfg = Debug|Any CPU
		{D58CE11F-267E-4BFC-AD92-E4CE2468BB2E}.Debug|Any CPU.Build.0 = Debug|Any CPU
		{D58CE11F-267E-4BFC-AD92-E4CE2468BB2E}.Release|Any CPU.ActiveCfg = Release|Any CPU
		{D58CE11F-267E-4BFC-AD92-E4CE2468BB2E}.Release|Any CPU.Build.0 = Release|Any CPU
	EndGlobalSection
	GlobalSection(SolutionProperties) = preSolution
		HideSolutionNode = FALSE
	EndGlobalSection
	GlobalSection(ExtensibilityGlobals) = postSolution
		SolutionGuid = {52AC3692-C2F0-4B52-B15E-6D3F9949E476}
	EndGlobalSection
EndGlobal
