
Microsoft Visual Studio Solution File, Format Version 12.00
# Visual Studio Version 16
VisualStudioVersion = 16.0.29926.136
MinimumVisualStudioVersion = 10.0.40219.1
Project("{FAE04EC0-301F-11D3-BF4B-00C04F79EFBC}") = "MovieRating", "MovieRating.csproj", "{AFA8FFE4-1163-4FC2-BACC-EEC34A09ED9C}"
EndProject
Global
	GlobalSection(SolutionConfigurationPlatforms) = preSolution
		Debug|Any CPU = Debug|Any CPU
		Release|Any CPU = Release|Any CPU
	EndGlobalSection
	GlobalSection(ProjectConfigurationPlatforms) = postSolution
		{AFA8FFE4-1163-4FC2-BACC-EEC34A09ED9C}.Debug|Any CPU.ActiveCfg = Debug|Any CPU
		{AFA8FFE4-1163-4FC2-BACC-EEC34A09ED9C}.Debug|Any CPU.Build.0 = Debug|Any CPU
		{AFA8FFE4-1163-4FC2-BACC-EEC34A09ED9C}.Release|Any CPU.ActiveCfg = Release|Any CPU
		{AFA8FFE4-1163-4FC2-BACC-EEC34A09ED9C}.Release|Any CPU.Build.0 = Release|Any CPU
	EndGlobalSection
	GlobalSection(SolutionProperties) = preSolution
		HideSolutionNode = FALSE
	EndGlobalSection
	GlobalSection(ExtensibilityGlobals) = postSolution
		SolutionGuid = {7016486D-A122-4B12-B1A3-3D2E2FB8ABBA}
	EndGlobalSection
EndGlobal
