
Microsoft Visual Studio Solution File, Format Version 12.00
# Visual Studio Version 16
VisualStudioVersion = 16.0.29926.136
MinimumVisualStudioVersion = 10.0.40219.1
Project("{FAE04EC0-301F-11D3-BF4B-00C04F79EFBC}") = "Intro", "Intro.csproj", "{C2102F4E-F9C3-4AB2-B410-9CEDF5A82107}"
EndProject
Global
	GlobalSection(SolutionConfigurationPlatforms) = preSolution
		Debug|Any CPU = Debug|Any CPU
		Release|Any CPU = Release|Any CPU
	EndGlobalSection
	GlobalSection(ProjectConfigurationPlatforms) = postSolution
		{C2102F4E-F9C3-4AB2-B410-9CEDF5A82107}.Debug|Any CPU.ActiveCfg = Debug|Any CPU
		{C2102F4E-F9C3-4AB2-B410-9CEDF5A82107}.Debug|Any CPU.Build.0 = Debug|Any CPU
		{C2102F4E-F9C3-4AB2-B410-9CEDF5A82107}.Release|Any CPU.ActiveCfg = Release|Any CPU
		{C2102F4E-F9C3-4AB2-B410-9CEDF5A82107}.Release|Any CPU.Build.0 = Release|Any CPU
	EndGlobalSection
	GlobalSection(SolutionProperties) = preSolution
		HideSolutionNode = FALSE
	EndGlobalSection
	GlobalSection(ExtensibilityGlobals) = postSolution
		SolutionGuid = {209183BC-AEB7-4F10-8F28-4D19BDE87C50}
	EndGlobalSection
EndGlobal
