
Microsoft Visual Studio Solution File, Format Version 12.00
# Visual Studio Version 16
VisualStudioVersion = 16.0.29926.136
MinimumVisualStudioVersion = 10.0.40219.1
Project("{FAE04EC0-301F-11D3-BF4B-00C04F79EFBC}") = "RPGInventory", "RPGInventory.csproj", "{4A9086F4-E427-426D-B681-00F033700CF3}"
EndProject
Project("{FAE04EC0-301F-11D3-BF4B-00C04F79EFBC}") = "RPGInventory.Tests", "..\RPGInventory.Tests\RPGInventory.Tests.csproj", "{F98293EE-6B8C-48E6-A6E9-59EF719F011B}"
EndProject
Global
	GlobalSection(SolutionConfigurationPlatforms) = preSolution
		Debug|Any CPU = Debug|Any CPU
		Release|Any CPU = Release|Any CPU
	EndGlobalSection
	GlobalSection(ProjectConfigurationPlatforms) = postSolution
		{4A9086F4-E427-426D-B681-00F033700CF3}.Debug|Any CPU.ActiveCfg = Debug|Any CPU
		{4A9086F4-E427-426D-B681-00F033700CF3}.Debug|Any CPU.Build.0 = Debug|Any CPU
		{4A9086F4-E427-426D-B681-00F033700CF3}.Release|Any CPU.ActiveCfg = Release|Any CPU
		{4A9086F4-E427-426D-B681-00F033700CF3}.Release|Any CPU.Build.0 = Release|Any CPU
		{F98293EE-6B8C-48E6-A6E9-59EF719F011B}.Debug|Any CPU.ActiveCfg = Debug|Any CPU
		{F98293EE-6B8C-48E6-A6E9-59EF719F011B}.Debug|Any CPU.Build.0 = Debug|Any CPU
		{F98293EE-6B8C-48E6-A6E9-59EF719F011B}.Release|Any CPU.ActiveCfg = Release|Any CPU
		{F98293EE-6B8C-48E6-A6E9-59EF719F011B}.Release|Any CPU.Build.0 = Release|Any CPU
	EndGlobalSection
	GlobalSection(SolutionProperties) = preSolution
		HideSolutionNode = FALSE
	EndGlobalSection
	GlobalSection(ExtensibilityGlobals) = postSolution
		SolutionGuid = {5FE2FAE2-B1B7-4BBC-9BD7-5AC52747C335}
	EndGlobalSection
EndGlobal
