
Microsoft Visual Studio Solution File, Format Version 12.00
# Visual Studio Version 16
VisualStudioVersion = 16.0.29926.136
MinimumVisualStudioVersion = 10.0.40219.1
Project("{FAE04EC0-301F-11D3-BF4B-00C04F79EFBC}") = "DifferentKettleOfFish", "DifferentKettleOfFish.csproj", "{D24E4EF6-BCD2-4F4D-B6AA-041237C8E9B1}"
EndProject
Global
	GlobalSection(SolutionConfigurationPlatforms) = preSolution
		Debug|Any CPU = Debug|Any CPU
		Release|Any CPU = Release|Any CPU
	EndGlobalSection
	GlobalSection(ProjectConfigurationPlatforms) = postSolution
		{D24E4EF6-BCD2-4F4D-B6AA-041237C8E9B1}.Debug|Any CPU.ActiveCfg = Debug|Any CPU
		{D24E4EF6-BCD2-4F4D-B6AA-041237C8E9B1}.Debug|Any CPU.Build.0 = Debug|Any CPU
		{D24E4EF6-BCD2-4F4D-B6AA-041237C8E9B1}.Release|Any CPU.ActiveCfg = Release|Any CPU
		{D24E4EF6-BCD2-4F4D-B6AA-041237C8E9B1}.Release|Any CPU.Build.0 = Release|Any CPU
	EndGlobalSection
	GlobalSection(SolutionProperties) = preSolution
		HideSolutionNode = FALSE
	EndGlobalSection
	GlobalSection(ExtensibilityGlobals) = postSolution
		SolutionGuid = {DD967992-1DB1-4C07-8D63-8D621DA26F5E}
	EndGlobalSection
EndGlobal
