
Microsoft Visual Studio Solution File, Format Version 12.00
# Visual Studio Version 16
VisualStudioVersion = 16.0.29926.136
MinimumVisualStudioVersion = 10.0.40219.1
Project("{FAE04EC0-301F-11D3-BF4B-00C04F79EFBC}") = "RockPaperScissors", "RockPaperScissors.csproj", "{CCE5BCC5-7D77-4F63-AE8C-1B9B2B511C26}"
EndProject
Global
	GlobalSection(SolutionConfigurationPlatforms) = preSolution
		Debug|Any CPU = Debug|Any CPU
		Release|Any CPU = Release|Any CPU
	EndGlobalSection
	GlobalSection(ProjectConfigurationPlatforms) = postSolution
		{CCE5BCC5-7D77-4F63-AE8C-1B9B2B511C26}.Debug|Any CPU.ActiveCfg = Debug|Any CPU
		{CCE5BCC5-7D77-4F63-AE8C-1B9B2B511C26}.Debug|Any CPU.Build.0 = Debug|Any CPU
		{CCE5BCC5-7D77-4F63-AE8C-1B9B2B511C26}.Release|Any CPU.ActiveCfg = Release|Any CPU
		{CCE5BCC5-7D77-4F63-AE8C-1B9B2B511C26}.Release|Any CPU.Build.0 = Release|Any CPU
	EndGlobalSection
	GlobalSection(SolutionProperties) = preSolution
		HideSolutionNode = FALSE
	EndGlobalSection
	GlobalSection(ExtensibilityGlobals) = postSolution
		SolutionGuid = {0AF92865-FB70-47A5-9009-460FBF389B81}
	EndGlobalSection
EndGlobal
